
Microsoft Visual Studio Solution File, Format Version 12.00
# Visual Studio Version 16
VisualStudioVersion = 16.0.30204.135
MinimumVisualStudioVersion = 10.0.40219.1
Project("{FAE04EC0-301F-11D3-BF4B-00C04F79EFBC}") = "MoqTestProject", "MoqTestProject\MoqTestProject.csproj", "{7164067B-B1C5-4080-A6B9-7BB8BC358466}"
EndProject
Global
	GlobalSection(SolutionConfigurationPlatforms) = preSolution
		Debug|Any CPU = Debug|Any CPU
		Release|Any CPU = Release|Any CPU
	EndGlobalSection
	GlobalSection(ProjectConfigurationPlatforms) = postSolution
		{7164067B-B1C5-4080-A6B9-7BB8BC358466}.Debug|Any CPU.ActiveCfg = Debug|Any CPU
		{7164067B-B1C5-4080-A6B9-7BB8BC358466}.Debug|Any CPU.Build.0 = Debug|Any CPU
		{7164067B-B1C5-4080-A6B9-7BB8BC358466}.Release|Any CPU.ActiveCfg = Release|Any CPU
		{7164067B-B1C5-4080-A6B9-7BB8BC358466}.Release|Any CPU.Build.0 = Release|Any CPU
	EndGlobalSection
	GlobalSection(SolutionProperties) = preSolution
		HideSolutionNode = FALSE
	EndGlobalSection
	GlobalSection(ExtensibilityGlobals) = postSolution
		SolutionGuid = {22DB919A-588C-4AB3-9D14-519599FFFA93}
	EndGlobalSection
EndGlobal
